
Microsoft Visual Studio Solution File, Format Version 12.00
# Visual Studio Version 17
VisualStudioVersion = 17.2.32526.322
MinimumVisualStudioVersion = 10.0.40219.1
Project("{FAE04EC0-301F-11D3-BF4B-00C04F79EFBC}") = "GenericLinkedList", "GenericLinkedList\GenericLinkedList.csproj", "{8960956D-327F-4103-850A-6CA0D6CAF0C0}"
EndProject
Global
	GlobalSection(SolutionConfigurationPlatforms) = preSolution
		Debug|Any CPU = Debug|Any CPU
		Release|Any CPU = Release|Any CPU
	EndGlobalSection
	GlobalSection(ProjectConfigurationPlatforms) = postSolution
		{8960956D-327F-4103-850A-6CA0D6CAF0C0}.Debug|Any CPU.ActiveCfg = Debug|Any CPU
		{8960956D-327F-4103-850A-6CA0D6CAF0C0}.Debug|Any CPU.Build.0 = Debug|Any CPU
		{8960956D-327F-4103-850A-6CA0D6CAF0C0}.Release|Any CPU.ActiveCfg = Release|Any CPU
		{8960956D-327F-4103-850A-6CA0D6CAF0C0}.Release|Any CPU.Build.0 = Release|Any CPU
	EndGlobalSection
	GlobalSection(SolutionProperties) = preSolution
		HideSolutionNode = FALSE
	EndGlobalSection
	GlobalSection(ExtensibilityGlobals) = postSolution
		SolutionGuid = {F5945ECD-6DB7-4429-9E1F-EA2C5BB3557A}
	EndGlobalSection
EndGlobal
